{
  "nodes": {
    "flake-parts": {
      "inputs": {
        "nixpkgs-lib": "nixpkgs-lib"
      },
      "locked": {
        "lastModified": 1743550720,
        "narHash": "sha256-hIshGgKZCgWh6AYJpJmRgFdR3WUbkY04o82X05xqQiY=",
        "owner": "hercules-ci",
        "repo": "flake-parts",
        "rev": "c621e8422220273271f52058f618c94e405bb0f5",
        "type": "github"
      },
      "original": {
        "owner": "hercules-ci",
        "repo": "flake-parts",
        "type": "github"
      }
    },
    "flake-utils": {
      "inputs": {
        "systems": "systems"
      },
      "locked": {
        "lastModified": 1731533236,
        "narHash": "sha256-l0KFg5HjrsfsO/JpG+r7fRrqm12kzFHyUHqHCVpMMbI=",
        "owner": "numtide",
        "repo": "flake-utils",
        "rev": "11707dc2f618dd54ca8739b309ec4fc024de578b",
        "type": "github"
      },
      "original": {
        "owner": "numtide",
        "repo": "flake-utils",
        "type": "github"
      }
    },
    "gepetto": {
      "inputs": {
        "flake-parts": "flake-parts",
        "nix-ros-overlay": "nix-ros-overlay",
        "nix-system-graphics": "nix-system-graphics",
        "nixpkgs": [
          "gepetto",
          "nix-ros-overlay",
          "nixpkgs"
        ],
        "src-agimus-controller": "src-agimus-controller",
        "src-agimus-msgs": "src-agimus-msgs",
        "src-colmpc": "src-colmpc",
        "src-example-parallel-robots": "src-example-parallel-robots",
        "src-franka-description": "src-franka-description",
        "src-gepetto-viewer": "src-gepetto-viewer",
        "src-odri-control-interface": "src-odri-control-interface",
        "src-odri-masterboard-sdk": "src-odri-masterboard-sdk",
        "src-toolbox-parallel-robots": "src-toolbox-parallel-robots",
        "system-manager": "system-manager",
        "systems": [
          "gepetto",
          "nix-ros-overlay",
          "flake-utils",
          "systems"
        ],
        "treefmt-nix": "treefmt-nix"
      },
      "locked": {
        "lastModified": 1748959317,
        "narHash": "sha256-rNdZlsmzyLACqo4UAi3v+64mq8p7XNjUaovaCu6yIsY=",
        "owner": "gepetto",
        "repo": "nix",
        "rev": "90cc507c64489d197d0c7c862617c0766cfd7fb2",
        "type": "github"
      },
      "original": {
        "owner": "gepetto",
        "ref": "module",
        "repo": "nix",
        "type": "github"
      }
    },
    "nix-ros-overlay": {
      "inputs": {
        "flake-utils": "flake-utils",
        "nixpkgs": "nixpkgs"
      },
      "locked": {
        "lastModified": 1745796487,
        "narHash": "sha256-xvre4xiezhPhU794dpjcHusVLBIfA4jPg9Kq439x4yY=",
        "owner": "lopsided98",
        "repo": "nix-ros-overlay",
        "rev": "4072d6ed51d9053d2cc85c0ec4f69884cc99f392",
        "type": "github"
      },
      "original": {
        "owner": "lopsided98",
        "ref": "develop",
        "repo": "nix-ros-overlay",
        "type": "github"
      }
    },
    "nix-system-graphics": {
      "inputs": {
        "nixpkgs": [
          "gepetto",
          "nixpkgs"
        ]
      },
      "locked": {
        "lastModified": 1737457219,
        "narHash": "sha256-nX9dxoATDCSQgWw/iv6BngXDJEyHVYYEvHEVQ7Ig3fI=",
        "owner": "soupglasses",
        "repo": "nix-system-graphics",
        "rev": "9c875e0c56cf2eb272b9102a4f3e24e4e31629fd",
        "type": "github"
      },
      "original": {
        "owner": "soupglasses",
        "repo": "nix-system-graphics",
        "type": "github"
      }
    },
    "nixpkgs": {
      "locked": {
        "lastModified": 1744849697,
        "narHash": "sha256-S9hqvanPSeRu6R4cw0OhvH1rJ+4/s9xIban9C4ocM/0=",
        "owner": "lopsided98",
        "repo": "nixpkgs",
        "rev": "6318f538166fef9f5118d8d78b9b43a04bb049e4",
        "type": "github"
      },
      "original": {
        "owner": "lopsided98",
        "ref": "nix-ros",
        "repo": "nixpkgs",
        "type": "github"
      }
    },
    "nixpkgs-lib": {
      "locked": {
        "lastModified": 1743296961,
        "narHash": "sha256-b1EdN3cULCqtorQ4QeWgLMrd5ZGOjLSLemfa00heasc=",
        "owner": "nix-community",
        "repo": "nixpkgs.lib",
        "rev": "e4822aea2a6d1cdd36653c134cacfd64c97ff4fa",
        "type": "github"
      },
      "original": {
        "owner": "nix-community",
        "repo": "nixpkgs.lib",
        "type": "github"
      }
    },
    "root": {
      "inputs": {
        "flake-parts": [
          "gepetto",
          "flake-parts"
        ],
        "gepetto": "gepetto",
        "nix-ros-overlay": [
          "gepetto",
          "nix-ros-overlay"
        ],
        "nixpkgs": [
          "gepetto",
          "nixpkgs"
        ],
        "systems": [
          "gepetto",
          "systems"
        ],
        "treefmt-nix": [
          "gepetto",
          "treefmt-nix"
        ],
        "utils": "utils"
      }
    },
    "src-agimus-controller": {
      "flake": false,
      "locked": {
        "lastModified": 1747904554,
        "narHash": "sha256-IHA+1KrtMKIiBw3NaO3VuMk6h/JIPgNpb7vvu2FGrjk=",
        "owner": "agimus-project",
        "repo": "agimus_controller",
        "rev": "92797f93c2a80d4e362ac687f1311a149748bb36",
        "type": "github"
      },
      "original": {
        "owner": "agimus-project",
        "repo": "agimus_controller",
        "type": "github"
      }
    },
    "src-agimus-msgs": {
      "flake": false,
      "locked": {
        "lastModified": 1747656482,
        "narHash": "sha256-O2DCQeasbrihIveOHmkcK0u4XnVcig33t8n+NFj/PvY=",
        "owner": "agimus-project",
        "repo": "agimus_msgs",
        "rev": "d067e515c59665883b99c5a0028d6f746d0053ab",
        "type": "github"
      },
      "original": {
        "owner": "agimus-project",
        "repo": "agimus_msgs",
        "type": "github"
      }
    },
    "src-colmpc": {
      "flake": false,
      "locked": {
        "lastModified": 1747745791,
        "narHash": "sha256-git7hITsR58YpgLV1A7TLUvLdhhOxKPHkzY+MBGAIZo=",
        "owner": "agimus-project",
        "repo": "colmpc",
        "rev": "eeb4ae19b487760fe1421a87fe9423202ee78ead",
        "type": "github"
      },
      "original": {
        "owner": "agimus-project",
        "repo": "colmpc",
        "type": "github"
      }
    },
    "src-example-parallel-robots": {
      "flake": false,
      "locked": {
        "lastModified": 1747686798,
        "narHash": "sha256-UXtJkwoKXYTw90moFr5E1sHHhc1czdHuq2r3wxDIBAE=",
        "owner": "gepetto",
        "repo": "example-parallel-robots",
        "rev": "56fefa6437a4554c81c3b5db7efdc91bea292fdc",
        "type": "github"
      },
      "original": {
        "owner": "gepetto",
        "repo": "example-parallel-robots",
        "type": "github"
      }
    },
    "src-franka-description": {
      "flake": false,
      "locked": {
        "lastModified": 1744552174,
        "narHash": "sha256-VRPygvJgiJipQ5yB1qmf3UEbwnu2Z916TaGTBDeSGjw=",
        "owner": "agimus-project",
        "repo": "franka_description",
        "rev": "16a77d0c364d6f137cb6d28e7a5f357a5da2fabe",
        "type": "github"
      },
      "original": {
        "owner": "agimus-project",
        "repo": "franka_description",
        "type": "github"
      }
    },
    "src-gepetto-viewer": {
      "flake": false,
      "locked": {
        "lastModified": 1745404179,
        "narHash": "sha256-mxWRXw0Lh3PpuX8u72ytWVWPPt2Qb8eNJdBf9twweUQ=",
        "owner": "Gepetto",
        "repo": "gepetto-viewer",
        "rev": "c23c86ea979b7591c38100f8667d3c3398626273",
        "type": "github"
      },
      "original": {
        "owner": "Gepetto",
        "ref": "devel",
        "repo": "gepetto-viewer",
        "type": "github"
      }
    },
    "src-odri-control-interface": {
      "flake": false,
      "locked": {
        "lastModified": 1748957655,
        "narHash": "sha256-YhZ8yzgUiN/ZeU/j1cGUEnKycjSD9WOJjMbkqmr+cag=",
        "owner": "gwennlbh",
        "repo": "odri_control_interface",
        "rev": "6cfbb67f0d2764d84bdeb91dcf7698bf67799e03",
        "type": "github"
      },
      "original": {
        "owner": "gwennlbh",
        "ref": "nix",
        "repo": "odri_control_interface",
        "type": "github"
      }
    },
    "src-odri-masterboard-sdk": {
      "flake": false,
      "locked": {
        "lastModified": 1748957693,
        "narHash": "sha256-Z1u12eXOw7mabincVOTmmlVCNPbQubuVMyqQ+INSqww=",
        "owner": "gwennlbh",
        "repo": "master-board",
        "rev": "75eadd8649f0a13248d6e8a0913213ca80c52ea3",
        "type": "github"
      },
      "original": {
        "owner": "gwennlbh",
        "ref": "nix",
        "repo": "master-board",
        "type": "github"
      }
    },
    "src-toolbox-parallel-robots": {
      "flake": false,
      "locked": {
        "lastModified": 1747686858,
        "narHash": "sha256-uX8U/plHRs2eQNRDlm6KU5EgHrIj33o7dO7cA6EM/Ek=",
        "owner": "gepetto",
        "repo": "toolbox-parallel-robots",
        "rev": "f123c491d15cadad6133af353c50560fce2e678b",
        "type": "github"
      },
      "original": {
        "owner": "gepetto",
        "repo": "toolbox-parallel-robots",
        "type": "github"
      }
    },
    "system-manager": {
      "inputs": {
        "nixpkgs": [
          "gepetto",
          "nixpkgs"
        ]
      },
      "locked": {
        "lastModified": 1747903970,
        "narHash": "sha256-PFpAdjeBLpoY7v1v0GUeFuBWhEOiA187l0b2lmg117A=",
        "owner": "numtide",
        "repo": "system-manager",
        "rev": "94f1c8d9c562e96358dddddb8e276ba8ac16c9ae",
        "type": "github"
      },
      "original": {
        "owner": "numtide",
        "repo": "system-manager",
        "type": "github"
      }
    },
    "systems": {
      "locked": {
        "lastModified": 1681028828,
        "narHash": "sha256-Vy1rq5AaRuLzOxct8nz4T6wlgyUR7zLU309k9mBC768=",
        "owner": "nix-systems",
        "repo": "default",
        "rev": "da67096a3b9bf56a91d16901293e51ba5b49a27e",
        "type": "github"
      },
      "original": {
        "owner": "nix-systems",
        "repo": "default",
        "type": "github"
      }
    },
    "treefmt-nix": {
      "inputs": {
        "nixpkgs": [
          "gepetto",
          "nixpkgs"
        ]
      },
      "locked": {
        "lastModified": 1747912973,
        "narHash": "sha256-XgxghfND8TDypxsMTPU2GQdtBEsHTEc3qWE6RVEk8O0=",
        "owner": "numtide",
        "repo": "treefmt-nix",
        "rev": "020cb423808365fa3f10ff4cb8c0a25df35065a3",
        "type": "github"
      },
      "original": {
        "owner": "numtide",
        "repo": "treefmt-nix",
        "type": "github"
      }
    },
    "utils": {
      "locked": {
        "lastModified": 1748363541,
        "narHash": "sha256-bDV63Oo+CQqB9joTf+G8hbxPgLjHBzCcmkiOT360/XQ=",
        "owner": "Gepetto",
        "repo": "nix-lib",
        "rev": "eacf43e7f58944507d1be011c25af268aa9048e9",
        "type": "github"
      },
      "original": {
        "owner": "Gepetto",
        "repo": "nix-lib",
        "type": "github"
      }
    }
  },
  "root": "root",
  "version": 7
}
